// !$*UTF8*$!
{
	archiveVersion = 1;
	classes = {
	};
	objectVersion = 46;
	objects = {

/* Begin PBXBuildFile section */
		051BCBAB179C24440065B55D /* Cocoa.framework in Frameworks */ = {isa = PBXBuildFile; fileRef = 051BCBAA179C24440065B55D /* Cocoa.framework */; };
		051BCBAC179C24440065B55D /* SpriteKit.framework in Frameworks */ = {isa = PBXBuildFile; fileRef = 059CD5BA179C22F500B5981C /* SpriteKit.framework */; };
		051BCBB6179C24440065B55D /* InfoPlist.strings in Resources */ = {isa = PBXBuildFile; fileRef = 051BCBB4179C24440065B55D /* InfoPlist.strings */; };
		051BCBB8179C24440065B55D /* main.m in Sources */ = {isa = PBXBuildFile; fileRef = 051BCBB7179C24440065B55D /* main.m */; };
		051BCBBC179C24440065B55D /* Credits.rtf in Resources */ = {isa = PBXBuildFile; fileRef = 051BCBBA179C24440065B55D /* Credits.rtf */; };
		051BCBBE179C24440065B55D /* MainMenu.xib in Resources */ = {isa = PBXBuildFile; fileRef = 051BCBBD179C24440065B55D /* MainMenu.xib */; };
		051BCBC3179C24440065B55D /* MVAppDelegate.m in Sources */ = {isa = PBXBuildFile; fileRef = 051BCBC2179C24440065B55D /* MVAppDelegate.m */; };
		051BCBC8179C24440065B55D /* Images.xcassets in Resources */ = {isa = PBXBuildFile; fileRef = 051BCBC7179C24440065B55D /* Images.xcassets */; };
		051BCBE0179C248F0065B55D /* TankGameScene.m in Sources */ = {isa = PBXBuildFile; fileRef = 059CD604179C233E00B5981C /* TankGameScene.m */; };
		055549C7179F54F7006E4BC1 /* TankSceneManager.m in Sources */ = {isa = PBXBuildFile; fileRef = 055549C6179F54F7006E4BC1 /* TankSceneManager.m */; };
		055549C8179F54F7006E4BC1 /* TankSceneManager.m in Sources */ = {isa = PBXBuildFile; fileRef = 055549C6179F54F7006E4BC1 /* TankSceneManager.m */; };
		0598EEEA179EAAF700EAD12D /* libWorldKitClient.a in Frameworks */ = {isa = PBXBuildFile; fileRef = 0598EEE8179EAABE00EAD12D /* libWorldKitClient.a */; };
		0598EEEB179EAAFB00EAD12D /* libWorldKitCommon.a in Frameworks */ = {isa = PBXBuildFile; fileRef = 0598EEE2179EAABE00EAD12D /* libWorldKitCommon.a */; };
		0598EEEC179EAAFB00EAD12D /* libWorldKitServer.a in Frameworks */ = {isa = PBXBuildFile; fileRef = 0598EEE6179EAABE00EAD12D /* libWorldKitServer.a */; };
		0598EEED179EAB0000EAD12D /* libWorldKitClient.a in Frameworks */ = {isa = PBXBuildFile; fileRef = 0598EEE8179EAABE00EAD12D /* libWorldKitClient.a */; };
		0598EEEE179EAB0000EAD12D /* libWorldKitCommon.a in Frameworks */ = {isa = PBXBuildFile; fileRef = 0598EEE2179EAABE00EAD12D /* libWorldKitCommon.a */; };
		0598EEEF179EAB0000EAD12D /* libWorldKitServer.a in Frameworks */ = {isa = PBXBuildFile; fileRef = 0598EEE6179EAABE00EAD12D /* libWorldKitServer.a */; };
		0598EEF3179EB18600EAD12D /* TankGame.m in Sources */ = {isa = PBXBuildFile; fileRef = 0598EEF2179EB18600EAD12D /* TankGame.m */; };
		0598EEF4179EB18600EAD12D /* TankGame.m in Sources */ = {isa = PBXBuildFile; fileRef = 0598EEF2179EB18600EAD12D /* TankGame.m */; };
		0598EEFC179EB94E00EAD12D /* TankPlayer.m in Sources */ = {isa = PBXBuildFile; fileRef = 0598EEFB179EB94E00EAD12D /* TankPlayer.m */; };
		0598EEFD179EB94E00EAD12D /* TankPlayer.m in Sources */ = {isa = PBXBuildFile; fileRef = 0598EEFB179EB94E00EAD12D /* TankPlayer.m */; };
		0598EF04179EB97400EAD12D /* TankTank.m in Sources */ = {isa = PBXBuildFile; fileRef = 0598EF03179EB97400EAD12D /* TankTank.m */; };
		0598EF05179EB97400EAD12D /* TankTank.m in Sources */ = {isa = PBXBuildFile; fileRef = 0598EF03179EB97400EAD12D /* TankTank.m */; };
		0598EF08179EB9D200EAD12D /* TankLevel.m in Sources */ = {isa = PBXBuildFile; fileRef = 0598EF07179EB9D200EAD12D /* TankLevel.m */; };
		0598EF09179EB9D200EAD12D /* TankLevel.m in Sources */ = {isa = PBXBuildFile; fileRef = 0598EF07179EB9D200EAD12D /* TankLevel.m */; };
		0598EF0C179EBC5C00EAD12D /* TankServer.m in Sources */ = {isa = PBXBuildFile; fileRef = 0598EF0B179EBC5C00EAD12D /* TankServer.m */; };
		0598EF0D179EBC5C00EAD12D /* TankServer.m in Sources */ = {isa = PBXBuildFile; fileRef = 0598EF0B179EBC5C00EAD12D /* TankServer.m */; };
		0598EF15179EC0BD00EAD12D /* TankMenuScene.m in Sources */ = {isa = PBXBuildFile; fileRef = 0598EF14179EC0BD00EAD12D /* TankMenuScene.m */; };
		0598EF16179EC0BD00EAD12D /* TankMenuScene.m in Sources */ = {isa = PBXBuildFile; fileRef = 0598EF14179EC0BD00EAD12D /* TankMenuScene.m */; };
		0598EF19179ED39300EAD12D /* TankBullet.m in Sources */ = {isa = PBXBuildFile; fileRef = 0598EF18179ED39300EAD12D /* TankBullet.m */; };
		0598EF1A179ED39300EAD12D /* TankBullet.m in Sources */ = {isa = PBXBuildFile; fileRef = 0598EF18179ED39300EAD12D /* TankBullet.m */; };
		0598EF1F179ED40C00EAD12D /* Vector2.m in Sources */ = {isa = PBXBuildFile; fileRef = 0598EF1C179ED40C00EAD12D /* Vector2.m */; };
		0598EF20179ED40C00EAD12D /* Vector2.m in Sources */ = {isa = PBXBuildFile; fileRef = 0598EF1C179ED40C00EAD12D /* Vector2.m */; };
		0598EF21179ED40C00EAD12D /* BNZLine.m in Sources */ = {isa = PBXBuildFile; fileRef = 0598EF1E179ED40C00EAD12D /* BNZLine.m */; };
		0598EF22179ED40C00EAD12D /* BNZLine.m in Sources */ = {isa = PBXBuildFile; fileRef = 0598EF1E179ED40C00EAD12D /* BNZLine.m */; };
		0598EF26179ED61900EAD12D /* TankMine.m in Sources */ = {isa = PBXBuildFile; fileRef = 0598EF25179ED61900EAD12D /* TankMine.m */; };
		0598EF27179ED61900EAD12D /* TankMine.m in Sources */ = {isa = PBXBuildFile; fileRef = 0598EF25179ED61900EAD12D /* TankMine.m */; };
		059CD5B5179C22F500B5981C /* Foundation.framework in Frameworks */ = {isa = PBXBuildFile; fileRef = 059CD5B4179C22F500B5981C /* Foundation.framework */; };
		059CD5B7179C22F500B5981C /* CoreGraphics.framework in Frameworks */ = {isa = PBXBuildFile; fileRef = 059CD5B6179C22F500B5981C /* CoreGraphics.framework */; };
		059CD5B9179C22F500B5981C /* UIKit.framework in Frameworks */ = {isa = PBXBuildFile; fileRef = 059CD5B8179C22F500B5981C /* UIKit.framework */; };
		059CD5BB179C22F500B5981C /* SpriteKit.framework in Frameworks */ = {isa = PBXBuildFile; fileRef = 059CD5BA179C22F500B5981C /* SpriteKit.framework */; };
		059CD5DE179C22F500B5981C /* XCTest.framework in Frameworks */ = {isa = PBXBuildFile; fileRef = 059CD5DD179C22F500B5981C /* XCTest.framework */; };
		059CD5DF179C22F500B5981C /* Foundation.framework in Frameworks */ = {isa = PBXBuildFile; fileRef = 059CD5B4179C22F500B5981C /* Foundation.framework */; };
		059CD5E0179C22F500B5981C /* UIKit.framework in Frameworks */ = {isa = PBXBuildFile; fileRef = 059CD5B8179C22F500B5981C /* UIKit.framework */; };
		059CD5E8179C22F500B5981C /* InfoPlist.strings in Resources */ = {isa = PBXBuildFile; fileRef = 059CD5E6179C22F500B5981C /* InfoPlist.strings */; };
		059CD5EA179C22F500B5981C /* Tanks3Tests.m in Sources */ = {isa = PBXBuildFile; fileRef = 059CD5E9179C22F500B5981C /* Tanks3Tests.m */; };
		059CD606179C233E00B5981C /* Main_iPad.storyboard in Resources */ = {isa = PBXBuildFile; fileRef = 059CD5F4179C233E00B5981C /* Main_iPad.storyboard */; };
		059CD607179C233E00B5981C /* Main_iPhone.storyboard in Resources */ = {isa = PBXBuildFile; fileRef = 059CD5F6179C233E00B5981C /* Main_iPhone.storyboard */; };
		059CD608179C233E00B5981C /* InfoPlist.strings in Resources */ = {isa = PBXBuildFile; fileRef = 059CD5F8179C233E00B5981C /* InfoPlist.strings */; };
		059CD609179C233E00B5981C /* Images.xcassets in Resources */ = {isa = PBXBuildFile; fileRef = 059CD5FA179C233E00B5981C /* Images.xcassets */; };
		059CD60A179C233E00B5981C /* main.m in Sources */ = {isa = PBXBuildFile; fileRef = 059CD5FB179C233E00B5981C /* main.m */; };
		059CD60B179C233E00B5981C /* MVAppDelegate.m in Sources */ = {isa = PBXBuildFile; fileRef = 059CD5FD179C233E00B5981C /* MVAppDelegate.m */; };
		059CD60C179C233E00B5981C /* MVViewController.m in Sources */ = {isa = PBXBuildFile; fileRef = 059CD5FF179C233E00B5981C /* MVViewController.m */; };
		059CD60E179C233E00B5981C /* TankGameScene.m in Sources */ = {isa = PBXBuildFile; fileRef = 059CD604179C233E00B5981C /* TankGameScene.m */; };
		05EDE1BA179EE2850051E7F6 /* bulleta.png in Resources */ = {isa = PBXBuildFile; fileRef = 05EDE1B8179EE2850051E7F6 /* bulleta.png */; };
		05EDE1BB179EE2850051E7F6 /* bulleta.png in Resources */ = {isa = PBXBuildFile; fileRef = 05EDE1B8179EE2850051E7F6 /* bulleta.png */; };
		05EDE1BC179EE2850051E7F6 /* Tank.png in Resources */ = {isa = PBXBuildFile; fileRef = 05EDE1B9179EE2850051E7F6 /* Tank.png */; };
		05EDE1BD179EE2850051E7F6 /* Tank.png in Resources */ = {isa = PBXBuildFile; fileRef = 05EDE1B9179EE2850051E7F6 /* Tank.png */; };
		05EDE1BF179EE3E40051E7F6 /* Turret.png in Resources */ = {isa = PBXBuildFile; fileRef = 05EDE1BE179EE3E40051E7F6 /* Turret.png */; };
		05EDE1C0179EE3E40051E7F6 /* Turret.png in Resources */ = {isa = PBXBuildFile; fileRef = 05EDE1BE179EE3E40051E7F6 /* Turret.png */; };
		38ED0718179F354F001D8294 /* TankEnemyTank.m in Sources */ = {isa = PBXBuildFile; fileRef = 38ED0717179F354F001D8294 /* TankEnemyTank.m */; };
		38ED071A179F354F001D8294 /* TankEnemyTank.m in Sources */ = {isa = PBXBuildFile; fileRef = 38ED0717179F354F001D8294 /* TankEnemyTank.m */; };
/* End PBXBuildFile section */

/* Begin PBXContainerItemProxy section */
		0598EEE1179EAABE00EAD12D /* PBXContainerItemProxy */ = {
			isa = PBXContainerItemProxy;
			containerPortal = 0598EEDA179EAABE00EAD12D /* WorldKit.xcodeproj */;
			proxyType = 2;
			remoteGlobalIDString = 055A815C15CD45CF0033FA0C;
			remoteInfo = WorldKitCommon;
		};
		0598EEE3179EAABE00EAD12D /* PBXContainerItemProxy */ = {
			isa = PBXContainerItemProxy;
			containerPortal = 0598EEDA179EAABE00EAD12D /* WorldKit.xcodeproj */;
			proxyType = 2;
			remoteGlobalIDString = 055A816A15CD45D00033FA0C;
			remoteInfo = WorldKitCommonTests;
		};
		0598EEE5179EAABE00EAD12D /* PBXContainerItemProxy */ = {
			isa = PBXContainerItemProxy;
			containerPortal = 0598EEDA179EAABE00EAD12D /* WorldKit.xcodeproj */;
			proxyType = 2;
			remoteGlobalIDString = 05AD0D8D16341D9500DF7452;
			remoteInfo = WorldKitServer;
		};
		0598EEE7179EAABE00EAD12D /* PBXContainerItemProxy */ = {
			isa = PBXContainerItemProxy;
			containerPortal = 0598EEDA179EAABE00EAD12D /* WorldKit.xcodeproj */;
			proxyType = 2;
			remoteGlobalIDString = 05AD0DAA16341D9E00DF7452;
			remoteInfo = WorldKitClient;
		};
		059CD5E1179C22F500B5981C /* PBXContainerItemProxy */ = {
			isa = PBXContainerItemProxy;
			containerPortal = 059CD5A9179C22F500B5981C /* Project object */;
			proxyType = 1;
			remoteGlobalIDString = 059CD5B0179C22F500B5981C;
			remoteInfo = Tanks3;
		};
/* End PBXContainerItemProxy section */

/* Begin PBXFileReference section */
		051BCBA9179C24440065B55D /* MacTanks3.app */ = {isa = PBXFileReference; explicitFileType = wrapper.application; includeInIndex = 0; path = MacTanks3.app; sourceTree = BUILT_PRODUCTS_DIR; };
		051BCBAA179C24440065B55D /* Cocoa.framework */ = {isa = PBXFileReference; lastKnownFileType = wrapper.framework; name = Cocoa.framework; path = Library/Frameworks/Cocoa.framework; sourceTree = DEVELOPER_DIR; };
		051BCBAE179C24440065B55D /* AppKit.framework */ = {isa = PBXFileReference; lastKnownFileType = wrapper.framework; name = AppKit.framework; path = Library/Frameworks/AppKit.framework; sourceTree = SDKROOT; };
		051BCBAF179C24440065B55D /* CoreData.framework */ = {isa = PBXFileReference; lastKnownFileType = wrapper.framework; name = CoreData.framework; path = Library/Frameworks/CoreData.framework; sourceTree = SDKROOT; };
		051BCBB0179C24440065B55D /* Foundation.framework */ = {isa = PBXFileReference; lastKnownFileType = wrapper.framework; name = Foundation.framework; path = Library/Frameworks/Foundation.framework; sourceTree = SDKROOT; };
		051BCBB3179C24440065B55D /* MacTanks3-Info.plist */ = {isa = PBXFileReference; lastKnownFileType = text.plist.xml; path = "MacTanks3-Info.plist"; sourceTree = "<group>"; };
		051BCBB5179C24440065B55D /* en */ = {isa = PBXFileReference; lastKnownFileType = text.plist.strings; name = en; path = en.lproj/InfoPlist.strings; sourceTree = "<group>"; };
		051BCBB7179C24440065B55D /* main.m */ = {isa = PBXFileReference; lastKnownFileType = sourcecode.c.objc; path = main.m; sourceTree = "<group>"; };
		051BCBB9179C24440065B55D /* MacTanks3-Prefix.pch */ = {isa = PBXFileReference; lastKnownFileType = sourcecode.c.h; path = "MacTanks3-Prefix.pch"; sourceTree = "<group>"; };
		051BCBBB179C24440065B55D /* en */ = {isa = PBXFileReference; lastKnownFileType = text.rtf; name = en; path = en.lproj/Credits.rtf; sourceTree = "<group>"; };
		051BCBBD179C24440065B55D /* MainMenu.xib */ = {isa = PBXFileReference; lastKnownFileType = file.xib; path = MainMenu.xib; sourceTree = "<group>"; };
		051BCBC2179C24440065B55D /* MVAppDelegate.m */ = {isa = PBXFileReference; lastKnownFileType = sourcecode.c.objc; path = MVAppDelegate.m; sourceTree = "<group>"; };
		051BCBC4179C24440065B55D /* MVAppDelegate.h */ = {isa = PBXFileReference; lastKnownFileType = sourcecode.c.h; path = MVAppDelegate.h; sourceTree = "<group>"; };
		051BCBC7179C24440065B55D /* Images.xcassets */ = {isa = PBXFileReference; lastKnownFileType = folder.assetcatalog; path = Images.xcassets; sourceTree = "<group>"; };
		055549C5179F54F7006E4BC1 /* TankSceneManager.h */ = {isa = PBXFileReference; fileEncoding = 4; lastKnownFileType = sourcecode.c.h; path = TankSceneManager.h; sourceTree = "<group>"; };
		055549C6179F54F7006E4BC1 /* TankSceneManager.m */ = {isa = PBXFileReference; fileEncoding = 4; lastKnownFileType = sourcecode.c.objc; path = TankSceneManager.m; sourceTree = "<group>"; };
		0598EEDA179EAABE00EAD12D /* WorldKit.xcodeproj */ = {isa = PBXFileReference; lastKnownFileType = "wrapper.pb-project"; name = WorldKit.xcodeproj; path = Vendor/WorldKit/WorldKit.xcodeproj; sourceTree = SOURCE_ROOT; };
		0598EEF1179EB18600EAD12D /* TankGame.h */ = {isa = PBXFileReference; fileEncoding = 4; lastKnownFileType = sourcecode.c.h; path = TankGame.h; sourceTree = "<group>"; };
		0598EEF2179EB18600EAD12D /* TankGame.m */ = {isa = PBXFileReference; fileEncoding = 4; lastKnownFileType = sourcecode.c.objc; path = TankGame.m; sourceTree = "<group>"; };
		0598EEFA179EB94E00EAD12D /* TankPlayer.h */ = {isa = PBXFileReference; fileEncoding = 4; lastKnownFileType = sourcecode.c.h; path = TankPlayer.h; sourceTree = "<group>"; };
		0598EEFB179EB94E00EAD12D /* TankPlayer.m */ = {isa = PBXFileReference; fileEncoding = 4; lastKnownFileType = sourcecode.c.objc; path = TankPlayer.m; sourceTree = "<group>"; };
		0598EF02179EB97400EAD12D /* TankTank.h */ = {isa = PBXFileReference; fileEncoding = 4; lastKnownFileType = sourcecode.c.h; path = TankTank.h; sourceTree = "<group>"; };
		0598EF03179EB97400EAD12D /* TankTank.m */ = {isa = PBXFileReference; fileEncoding = 4; lastKnownFileType = sourcecode.c.objc; path = TankTank.m; sourceTree = "<group>"; };
		0598EF06179EB9D200EAD12D /* TankLevel.h */ = {isa = PBXFileReference; fileEncoding = 4; lastKnownFileType = sourcecode.c.h; path = TankLevel.h; sourceTree = "<group>"; };
		0598EF07179EB9D200EAD12D /* TankLevel.m */ = {isa = PBXFileReference; fileEncoding = 4; lastKnownFileType = sourcecode.c.objc; path = TankLevel.m; sourceTree = "<group>"; };
		0598EF0A179EBC5C00EAD12D /* TankServer.h */ = {isa = PBXFileReference; fileEncoding = 4; lastKnownFileType = sourcecode.c.h; path = TankServer.h; sourceTree = "<group>"; };
		0598EF0B179EBC5C00EAD12D /* TankServer.m */ = {isa = PBXFileReference; fileEncoding = 4; lastKnownFileType = sourcecode.c.objc; path = TankServer.m; sourceTree = "<group>"; };
		0598EF13179EC0BD00EAD12D /* TankMenuScene.h */ = {isa = PBXFileReference; fileEncoding = 4; lastKnownFileType = sourcecode.c.h; path = TankMenuScene.h; sourceTree = "<group>"; };
		0598EF14179EC0BD00EAD12D /* TankMenuScene.m */ = {isa = PBXFileReference; fileEncoding = 4; lastKnownFileType = sourcecode.c.objc; path = TankMenuScene.m; sourceTree = "<group>"; };
		0598EF17179ED39300EAD12D /* TankBullet.h */ = {isa = PBXFileReference; fileEncoding = 4; lastKnownFileType = sourcecode.c.h; path = TankBullet.h; sourceTree = "<group>"; };
		0598EF18179ED39300EAD12D /* TankBullet.m */ = {isa = PBXFileReference; fileEncoding = 4; lastKnownFileType = sourcecode.c.objc; path = TankBullet.m; sourceTree = "<group>"; };
		0598EF1B179ED40C00EAD12D /* Vector2.h */ = {isa = PBXFileReference; fileEncoding = 4; lastKnownFileType = sourcecode.c.h; name = Vector2.h; path = Vendor/WorldKit/Examples/MultiPong/MultiPong/Vector2.h; sourceTree = SOURCE_ROOT; };
		0598EF1C179ED40C00EAD12D /* Vector2.m */ = {isa = PBXFileReference; fileEncoding = 4; lastKnownFileType = sourcecode.c.objc; name = Vector2.m; path = Vendor/WorldKit/Examples/MultiPong/MultiPong/Vector2.m; sourceTree = SOURCE_ROOT; };
		0598EF1D179ED40C00EAD12D /* BNZLine.h */ = {isa = PBXFileReference; fileEncoding = 4; lastKnownFileType = sourcecode.c.h; name = BNZLine.h; path = Vendor/WorldKit/Examples/MultiPong/MultiPong/BNZLine.h; sourceTree = SOURCE_ROOT; };
		0598EF1E179ED40C00EAD12D /* BNZLine.m */ = {isa = PBXFileReference; fileEncoding = 4; lastKnownFileType = sourcecode.c.objc; name = BNZLine.m; path = Vendor/WorldKit/Examples/MultiPong/MultiPong/BNZLine.m; sourceTree = SOURCE_ROOT; };
		0598EF24179ED61900EAD12D /* TankMine.h */ = {isa = PBXFileReference; fileEncoding = 4; lastKnownFileType = sourcecode.c.h; path = TankMine.h; sourceTree = "<group>"; };
		0598EF25179ED61900EAD12D /* TankMine.m */ = {isa = PBXFileReference; fileEncoding = 4; lastKnownFileType = sourcecode.c.objc; path = TankMine.m; sourceTree = "<group>"; };
		059CD5B1179C22F500B5981C /* Tanks3.app */ = {isa = PBXFileReference; explicitFileType = wrapper.application; includeInIndex = 0; path = Tanks3.app; sourceTree = BUILT_PRODUCTS_DIR; };
		059CD5B4179C22F500B5981C /* Foundation.framework */ = {isa = PBXFileReference; lastKnownFileType = wrapper.framework; name = Foundation.framework; path = System/Library/Frameworks/Foundation.framework; sourceTree = SDKROOT; };
		059CD5B6179C22F500B5981C /* CoreGraphics.framework */ = {isa = PBXFileReference; lastKnownFileType = wrapper.framework; name = CoreGraphics.framework; path = System/Library/Frameworks/CoreGraphics.framework; sourceTree = SDKROOT; };
		059CD5B8179C22F500B5981C /* UIKit.framework */ = {isa = PBXFileReference; lastKnownFileType = wrapper.framework; name = UIKit.framework; path = System/Library/Frameworks/UIKit.framework; sourceTree = SDKROOT; };
		059CD5BA179C22F500B5981C /* SpriteKit.framework */ = {isa = PBXFileReference; lastKnownFileType = wrapper.framework; name = SpriteKit.framework; path = System/Library/Frameworks/SpriteKit.framework; sourceTree = SDKROOT; };
		059CD5DC179C22F500B5981C /* Tanks3Tests.xctest */ = {isa = PBXFileReference; explicitFileType = wrapper.cfbundle; includeInIndex = 0; path = Tanks3Tests.xctest; sourceTree = BUILT_PRODUCTS_DIR; };
		059CD5DD179C22F500B5981C /* XCTest.framework */ = {isa = PBXFileReference; lastKnownFileType = wrapper.framework; name = XCTest.framework; path = Library/Frameworks/XCTest.framework; sourceTree = DEVELOPER_DIR; };
		059CD5E5179C22F500B5981C /* Tanks3Tests-Info.plist */ = {isa = PBXFileReference; lastKnownFileType = text.plist.xml; path = "Tanks3Tests-Info.plist"; sourceTree = "<group>"; };
		059CD5E7179C22F500B5981C /* en */ = {isa = PBXFileReference; lastKnownFileType = text.plist.strings; name = en; path = en.lproj/InfoPlist.strings; sourceTree = "<group>"; };
		059CD5E9179C22F500B5981C /* Tanks3Tests.m */ = {isa = PBXFileReference; lastKnownFileType = sourcecode.c.objc; path = Tanks3Tests.m; sourceTree = "<group>"; };
		059CD5F5179C233E00B5981C /* Base */ = {isa = PBXFileReference; lastKnownFileType = file.storyboard; name = Base; path = Base.lproj/Main_iPad.storyboard; sourceTree = "<group>"; };
		059CD5F7179C233E00B5981C /* Base */ = {isa = PBXFileReference; lastKnownFileType = file.storyboard; name = Base; path = Base.lproj/Main_iPhone.storyboard; sourceTree = "<group>"; };
		059CD5F9179C233E00B5981C /* en */ = {isa = PBXFileReference; lastKnownFileType = text.plist.strings; name = en; path = en.lproj/InfoPlist.strings; sourceTree = "<group>"; };
		059CD5FA179C233E00B5981C /* Images.xcassets */ = {isa = PBXFileReference; lastKnownFileType = folder.assetcatalog; path = Images.xcassets; sourceTree = "<group>"; };
		059CD5FB179C233E00B5981C /* main.m */ = {isa = PBXFileReference; fileEncoding = 4; lastKnownFileType = sourcecode.c.objc; path = main.m; sourceTree = "<group>"; };
		059CD5FC179C233E00B5981C /* MVAppDelegate.h */ = {isa = PBXFileReference; fileEncoding = 4; lastKnownFileType = sourcecode.c.h; path = MVAppDelegate.h; sourceTree = "<group>"; };
		059CD5FD179C233E00B5981C /* MVAppDelegate.m */ = {isa = PBXFileReference; fileEncoding = 4; lastKnownFileType = sourcecode.c.objc; path = MVAppDelegate.m; sourceTree = "<group>"; };
		059CD5FE179C233E00B5981C /* MVViewController.h */ = {isa = PBXFileReference; fileEncoding = 4; lastKnownFileType = sourcecode.c.h; path = MVViewController.h; sourceTree = "<group>"; };
		059CD5FF179C233E00B5981C /* MVViewController.m */ = {isa = PBXFileReference; fileEncoding = 4; lastKnownFileType = sourcecode.c.objc; path = MVViewController.m; sourceTree = "<group>"; };
		059CD600179C233E00B5981C /* Tanks3-Info.plist */ = {isa = PBXFileReference; fileEncoding = 4; lastKnownFileType = text.plist.xml; path = "Tanks3-Info.plist"; sourceTree = "<group>"; };
		059CD601179C233E00B5981C /* Tanks3-Prefix.pch */ = {isa = PBXFileReference; fileEncoding = 4; lastKnownFileType = sourcecode.c.h; path = "Tanks3-Prefix.pch"; sourceTree = "<group>"; };
		059CD603179C233E00B5981C /* TankGameScene.h */ = {isa = PBXFileReference; fileEncoding = 4; lastKnownFileType = sourcecode.c.h; path = TankGameScene.h; sourceTree = "<group>"; };
		059CD604179C233E00B5981C /* TankGameScene.m */ = {isa = PBXFileReference; fileEncoding = 4; lastKnownFileType = sourcecode.c.objc; path = TankGameScene.m; sourceTree = "<group>"; };
		05EDE1B8179EE2850051E7F6 /* bulleta.png */ = {isa = PBXFileReference; lastKnownFileType = image.png; path = bulleta.png; sourceTree = "<group>"; };
		05EDE1B9179EE2850051E7F6 /* Tank.png */ = {isa = PBXFileReference; lastKnownFileType = image.png; path = Tank.png; sourceTree = "<group>"; };
		05EDE1BE179EE3E40051E7F6 /* Turret.png */ = {isa = PBXFileReference; lastKnownFileType = image.png; path = Turret.png; sourceTree = "<group>"; };
		38ED0716179F354F001D8294 /* TankEnemyTank.h */ = {isa = PBXFileReference; fileEncoding = 4; lastKnownFileType = sourcecode.c.h; path = TankEnemyTank.h; sourceTree = "<group>"; };
		38ED0717179F354F001D8294 /* TankEnemyTank.m */ = {isa = PBXFileReference; fileEncoding = 4; lastKnownFileType = sourcecode.c.objc; path = TankEnemyTank.m; sourceTree = "<group>"; };
/* End PBXFileReference section */

/* Begin PBXFrameworksBuildPhase section */
		051BCBA6179C24440065B55D /* Frameworks */ = {
			isa = PBXFrameworksBuildPhase;
			buildActionMask = 2147483647;
			files = (
				0598EEED179EAB0000EAD12D /* libWorldKitClient.a in Frameworks */,
				0598EEEE179EAB0000EAD12D /* libWorldKitCommon.a in Frameworks */,
				0598EEEF179EAB0000EAD12D /* libWorldKitServer.a in Frameworks */,
				051BCBAC179C24440065B55D /* SpriteKit.framework in Frameworks */,
				051BCBAB179C24440065B55D /* Cocoa.framework in Frameworks */,
			);
			runOnlyForDeploymentPostprocessing = 0;
		};
		059CD5AE179C22F500B5981C /* Frameworks */ = {
			isa = PBXFrameworksBuildPhase;
			buildActionMask = 2147483647;
			files = (
				0598EEEB179EAAFB00EAD12D /* libWorldKitCommon.a in Frameworks */,
				0598EEEC179EAAFB00EAD12D /* libWorldKitServer.a in Frameworks */,
				0598EEEA179EAAF700EAD12D /* libWorldKitClient.a in Frameworks */,
				059CD5B7179C22F500B5981C /* CoreGraphics.framework in Frameworks */,
				059CD5B9179C22F500B5981C /* UIKit.framework in Frameworks */,
				059CD5BB179C22F500B5981C /* SpriteKit.framework in Frameworks */,
				059CD5B5179C22F500B5981C /* Foundation.framework in Frameworks */,
			);
			runOnlyForDeploymentPostprocessing = 0;
		};
		059CD5D9179C22F500B5981C /* Frameworks */ = {
			isa = PBXFrameworksBuildPhase;
			buildActionMask = 2147483647;
			files = (
				059CD5DE179C22F500B5981C /* XCTest.framework in Frameworks */,
				059CD5E0179C22F500B5981C /* UIKit.framework in Frameworks */,
				059CD5DF179C22F500B5981C /* Foundation.framework in Frameworks */,
			);
			runOnlyForDeploymentPostprocessing = 0;
		};
/* End PBXFrameworksBuildPhase section */

/* Begin PBXGroup section */
		051BCBAD179C24440065B55D /* Other Frameworks */ = {
			isa = PBXGroup;
			children = (
				051BCBAE179C24440065B55D /* AppKit.framework */,
				051BCBAF179C24440065B55D /* CoreData.framework */,
				051BCBB0179C24440065B55D /* Foundation.framework */,
			);
			name = "Other Frameworks";
			sourceTree = "<group>";
		};
		051BCBB1179C24440065B55D /* Mac */ = {
			isa = PBXGroup;
			children = (
				051BCBBD179C24440065B55D /* MainMenu.xib */,
				051BCBC4179C24440065B55D /* MVAppDelegate.h */,
				051BCBC2179C24440065B55D /* MVAppDelegate.m */,
				051BCBC7179C24440065B55D /* Images.xcassets */,
				051BCBB2179C24440065B55D /* Supporting Files */,
			);
			path = Mac;
			sourceTree = "<group>";
		};
		051BCBB2179C24440065B55D /* Supporting Files */ = {
			isa = PBXGroup;
			children = (
				051BCBB3179C24440065B55D /* MacTanks3-Info.plist */,
				051BCBB4179C24440065B55D /* InfoPlist.strings */,
				051BCBB7179C24440065B55D /* main.m */,
				051BCBB9179C24440065B55D /* MacTanks3-Prefix.pch */,
				051BCBBA179C24440065B55D /* Credits.rtf */,
			);
			name = "Supporting Files";
			sourceTree = "<group>";
		};
		0598EEDB179EAABE00EAD12D /* Products */ = {
			isa = PBXGroup;
			children = (
				0598EEE2179EAABE00EAD12D /* libWorldKitCommon.a */,
				0598EEE4179EAABE00EAD12D /* WorldKitCommonTests.octest */,
				0598EEE6179EAABE00EAD12D /* libWorldKitServer.a */,
				0598EEE8179EAABE00EAD12D /* libWorldKitClient.a */,
			);
			name = Products;
			sourceTree = "<group>";
		};
		0598EEE9179EAAE500EAD12D /* TankWorld */ = {
			isa = PBXGroup;
			children = (
				0598EEF1179EB18600EAD12D /* TankGame.h */,
				0598EEF2179EB18600EAD12D /* TankGame.m */,
				0598EEFA179EB94E00EAD12D /* TankPlayer.h */,
				0598EEFB179EB94E00EAD12D /* TankPlayer.m */,
				0598EF02179EB97400EAD12D /* TankTank.h */,
				0598EF03179EB97400EAD12D /* TankTank.m */,
				0598EF06179EB9D200EAD12D /* TankLevel.h */,
				0598EF07179EB9D200EAD12D /* TankLevel.m */,
				0598EF17179ED39300EAD12D /* TankBullet.h */,
				0598EF18179ED39300EAD12D /* TankBullet.m */,
				0598EF24179ED61900EAD12D /* TankMine.h */,
				0598EF25179ED61900EAD12D /* TankMine.m */,
				38ED0716179F354F001D8294 /* TankEnemyTank.h */,
				38ED0717179F354F001D8294 /* TankEnemyTank.m */,
			);
			path = TankWorld;
			sourceTree = "<group>";
		};
		059CD5A8179C22F500B5981C = {
			isa = PBXGroup;
			children = (
				0598EEDA179EAABE00EAD12D /* WorldKit.xcodeproj */,
				059CD5F3179C233E00B5981C /* iOS */,
				051BCBB1179C24440065B55D /* Mac */,
				059CD602179C233E00B5981C /* Shared */,
				05EDE1B7179EE2850051E7F6 /* Resources */,
				059CD5E3179C22F500B5981C /* Tanks3Tests */,
				059CD5B3179C22F500B5981C /* Frameworks */,
				059CD5B2179C22F500B5981C /* Products */,
			);
			sourceTree = "<group>";
		};
		059CD5B2179C22F500B5981C /* Products */ = {
			isa = PBXGroup;
			children = (
				059CD5B1179C22F500B5981C /* Tanks3.app */,
				059CD5DC179C22F500B5981C /* Tanks3Tests.xctest */,
				051BCBA9179C24440065B55D /* MacTanks3.app */,
			);
			name = Products;
			sourceTree = "<group>";
		};
		059CD5B3179C22F500B5981C /* Frameworks */ = {
			isa = PBXGroup;
			children = (
				059CD5B4179C22F500B5981C /* Foundation.framework */,
				059CD5B6179C22F500B5981C /* CoreGraphics.framework */,
				059CD5B8179C22F500B5981C /* UIKit.framework */,
				059CD5BA179C22F500B5981C /* SpriteKit.framework */,
				059CD5DD179C22F500B5981C /* XCTest.framework */,
				051BCBAA179C24440065B55D /* Cocoa.framework */,
				051BCBAD179C24440065B55D /* Other Frameworks */,
			);
			name = Frameworks;
			sourceTree = "<group>";
		};
		059CD5E3179C22F500B5981C /* Tanks3Tests */ = {
			isa = PBXGroup;
			children = (
				059CD5E9179C22F500B5981C /* Tanks3Tests.m */,
				059CD5E4179C22F500B5981C /* Supporting Files */,
			);
			path = Tanks3Tests;
			sourceTree = "<group>";
		};
		059CD5E4179C22F500B5981C /* Supporting Files */ = {
			isa = PBXGroup;
			children = (
				059CD5E5179C22F500B5981C /* Tanks3Tests-Info.plist */,
				059CD5E6179C22F500B5981C /* InfoPlist.strings */,
			);
			name = "Supporting Files";
			sourceTree = "<group>";
		};
		059CD5F3179C233E00B5981C /* iOS */ = {
			isa = PBXGroup;
			children = (
				059CD5F4179C233E00B5981C /* Main_iPad.storyboard */,
				059CD5F6179C233E00B5981C /* Main_iPhone.storyboard */,
				059CD5F8179C233E00B5981C /* InfoPlist.strings */,
				059CD5FA179C233E00B5981C /* Images.xcassets */,
				059CD5FB179C233E00B5981C /* main.m */,
				059CD5FC179C233E00B5981C /* MVAppDelegate.h */,
				059CD5FD179C233E00B5981C /* MVAppDelegate.m */,
				059CD5FE179C233E00B5981C /* MVViewController.h */,
				059CD5FF179C233E00B5981C /* MVViewController.m */,
				059CD600179C233E00B5981C /* Tanks3-Info.plist */,
			);
			path = iOS;
			sourceTree = "<group>";
		};
		059CD602179C233E00B5981C /* Shared */ = {
			isa = PBXGroup;
			children = (
				0598EEE9179EAAE500EAD12D /* TankWorld */,
				0598EF1B179ED40C00EAD12D /* Vector2.h */,
				0598EF1C179ED40C00EAD12D /* Vector2.m */,
				0598EF1D179ED40C00EAD12D /* BNZLine.h */,
				0598EF1E179ED40C00EAD12D /* BNZLine.m */,
				0598EF0A179EBC5C00EAD12D /* TankServer.h */,
				0598EF0B179EBC5C00EAD12D /* TankServer.m */,
				059CD601179C233E00B5981C /* Tanks3-Prefix.pch */,
				0598EF13179EC0BD00EAD12D /* TankMenuScene.h */,
				0598EF14179EC0BD00EAD12D /* TankMenuScene.m */,
				059CD603179C233E00B5981C /* TankGameScene.h */,
				059CD604179C233E00B5981C /* TankGameScene.m */,
				055549C5179F54F7006E4BC1 /* TankSceneManager.h */,
				055549C6179F54F7006E4BC1 /* TankSceneManager.m */,
			);
			path = Shared;
			sourceTree = "<group>";
		};
		05EDE1B7179EE2850051E7F6 /* Resources */ = {
			isa = PBXGroup;
			children = (
				05EDE1B8179EE2850051E7F6 /* bulleta.png */,
				05EDE1B9179EE2850051E7F6 /* Tank.png */,
				05EDE1BE179EE3E40051E7F6 /* Turret.png */,
			);
			path = Resources;
			sourceTree = "<group>";
		};
/* End PBXGroup section */

/* Begin PBXNativeTarget section */
		051BCBA8179C24440065B55D /* MacTanks3 */ = {
			isa = PBXNativeTarget;
			buildConfigurationList = 051BCBDA179C24440065B55D /* Build configuration list for PBXNativeTarget "MacTanks3" */;
			buildPhases = (
				051BCBA5179C24440065B55D /* Sources */,
				051BCBA6179C24440065B55D /* Frameworks */,
				051BCBA7179C24440065B55D /* Resources */,
			);
			buildRules = (
			);
			dependencies = (
			);
			name = MacTanks3;
			productName = MacTanks3;
			productReference = 051BCBA9179C24440065B55D /* MacTanks3.app */;
			productType = "com.apple.product-type.application";
		};
		059CD5B0179C22F500B5981C /* Tanks3 */ = {
			isa = PBXNativeTarget;
			buildConfigurationList = 059CD5ED179C22F500B5981C /* Build configuration list for PBXNativeTarget "Tanks3" */;
			buildPhases = (
				059CD5AD179C22F500B5981C /* Sources */,
				059CD5AE179C22F500B5981C /* Frameworks */,
				059CD5AF179C22F500B5981C /* Resources */,
			);
			buildRules = (
			);
			dependencies = (
			);
			name = Tanks3;
			productName = Tanks3;
			productReference = 059CD5B1179C22F500B5981C /* Tanks3.app */;
			productType = "com.apple.product-type.application";
		};
		059CD5DB179C22F500B5981C /* Tanks3Tests */ = {
			isa = PBXNativeTarget;
			buildConfigurationList = 059CD5F0179C22F500B5981C /* Build configuration list for PBXNativeTarget "Tanks3Tests" */;
			buildPhases = (
				059CD5D8179C22F500B5981C /* Sources */,
				059CD5D9179C22F500B5981C /* Frameworks */,
				059CD5DA179C22F500B5981C /* Resources */,
			);
			buildRules = (
			);
			dependencies = (
				059CD5E2179C22F500B5981C /* PBXTargetDependency */,
			);
			name = Tanks3Tests;
			productName = Tanks3Tests;
			productReference = 059CD5DC179C22F500B5981C /* Tanks3Tests.xctest */;
			productType = "com.apple.product-type.bundle.unit-test";
		};
/* End PBXNativeTarget section */

/* Begin PBXProject section */
		059CD5A9179C22F500B5981C /* Project object */ = {
			isa = PBXProject;
			attributes = {
				CLASSPREFIX = MV;
				LastUpgradeCheck = 0500;
				ORGANIZATIONNAME = Mastervone;
				TargetAttributes = {
					059CD5DB179C22F500B5981C = {
						TestTargetID = 059CD5B0179C22F500B5981C;
					};
				};
			};
			buildConfigurationList = 059CD5AC179C22F500B5981C /* Build configuration list for PBXProject "Tanks3" */;
			compatibilityVersion = "Xcode 3.2";
			developmentRegion = English;
			hasScannedForEncodings = 0;
			knownRegions = (
				en,
				Base,
			);
			mainGroup = 059CD5A8179C22F500B5981C;
			productRefGroup = 059CD5B2179C22F500B5981C /* Products */;
			projectDirPath = "";
			projectReferences = (
				{
					ProductGroup = 0598EEDB179EAABE00EAD12D /* Products */;
					ProjectRef = 0598EEDA179EAABE00EAD12D /* WorldKit.xcodeproj */;
				},
			);
			projectRoot = "";
			targets = (
				059CD5B0179C22F500B5981C /* Tanks3 */,
				059CD5DB179C22F500B5981C /* Tanks3Tests */,
				051BCBA8179C24440065B55D /* MacTanks3 */,
			);
		};
/* End PBXProject section */

/* Begin PBXReferenceProxy section */
		0598EEE2179EAABE00EAD12D /* libWorldKitCommon.a */ = {
			isa = PBXReferenceProxy;
			fileType = archive.ar;
			path = libWorldKitCommon.a;
			remoteRef = 0598EEE1179EAABE00EAD12D /* PBXContainerItemProxy */;
			sourceTree = BUILT_PRODUCTS_DIR;
		};
		0598EEE4179EAABE00EAD12D /* WorldKitCommonTests.octest */ = {
			isa = PBXReferenceProxy;
			fileType = wrapper.cfbundle;
			path = WorldKitCommonTests.octest;
			remoteRef = 0598EEE3179EAABE00EAD12D /* PBXContainerItemProxy */;
			sourceTree = BUILT_PRODUCTS_DIR;
		};
		0598EEE6179EAABE00EAD12D /* libWorldKitServer.a */ = {
			isa = PBXReferenceProxy;
			fileType = archive.ar;
			path = libWorldKitServer.a;
			remoteRef = 0598EEE5179EAABE00EAD12D /* PBXContainerItemProxy */;
			sourceTree = BUILT_PRODUCTS_DIR;
		};
		0598EEE8179EAABE00EAD12D /* libWorldKitClient.a */ = {
			isa = PBXReferenceProxy;
			fileType = archive.ar;
			path = libWorldKitClient.a;
			remoteRef = 0598EEE7179EAABE00EAD12D /* PBXContainerItemProxy */;
			sourceTree = BUILT_PRODUCTS_DIR;
		};
/* End PBXReferenceProxy section */

/* Begin PBXResourcesBuildPhase section */
		051BCBA7179C24440065B55D /* Resources */ = {
			isa = PBXResourcesBuildPhase;
			buildActionMask = 2147483647;
			files = (
				051BCBC8179C24440065B55D /* Images.xcassets in Resources */,
				05EDE1BB179EE2850051E7F6 /* bulleta.png in Resources */,
				051BCBB6179C24440065B55D /* InfoPlist.strings in Resources */,
				05EDE1BD179EE2850051E7F6 /* Tank.png in Resources */,
				05EDE1C0179EE3E40051E7F6 /* Turret.png in Resources */,
				051BCBBC179C24440065B55D /* Credits.rtf in Resources */,
				051BCBBE179C24440065B55D /* MainMenu.xib in Resources */,
			);
			runOnlyForDeploymentPostprocessing = 0;
		};
		059CD5AF179C22F500B5981C /* Resources */ = {
			isa = PBXResourcesBuildPhase;
			buildActionMask = 2147483647;
			files = (
				059CD607179C233E00B5981C /* Main_iPhone.storyboard in Resources */,
				05EDE1BA179EE2850051E7F6 /* bulleta.png in Resources */,
				059CD609179C233E00B5981C /* Images.xcassets in Resources */,
				05EDE1BC179EE2850051E7F6 /* Tank.png in Resources */,
				05EDE1BF179EE3E40051E7F6 /* Turret.png in Resources */,
				059CD608179C233E00B5981C /* InfoPlist.strings in Resources */,
				059CD606179C233E00B5981C /* Main_iPad.storyboard in Resources */,
			);
			runOnlyForDeploymentPostprocessing = 0;
		};
		059CD5DA179C22F500B5981C /* Resources */ = {
			isa = PBXResourcesBuildPhase;
			buildActionMask = 2147483647;
			files = (
				059CD5E8179C22F500B5981C /* InfoPlist.strings in Resources */,
			);
			runOnlyForDeploymentPostprocessing = 0;
		};
/* End PBXResourcesBuildPhase section */

/* Begin PBXSourcesBuildPhase section */
		051BCBA5179C24440065B55D /* Sources */ = {
			isa = PBXSourcesBuildPhase;
			buildActionMask = 2147483647;
			files = (
				051BCBE0179C248F0065B55D /* TankGameScene.m in Sources */,
				0598EF1A179ED39300EAD12D /* TankBullet.m in Sources */,
				0598EF27179ED61900EAD12D /* TankMine.m in Sources */,
				0598EF09179EB9D200EAD12D /* TankLevel.m in Sources */,
				0598EEFD179EB94E00EAD12D /* TankPlayer.m in Sources */,
				0598EEF4179EB18600EAD12D /* TankGame.m in Sources */,
				0598EF0D179EBC5C00EAD12D /* TankServer.m in Sources */,
				0598EF05179EB97400EAD12D /* TankTank.m in Sources */,
				051BCBB8179C24440065B55D /* main.m in Sources */,
				0598EF16179EC0BD00EAD12D /* TankMenuScene.m in Sources */,
				38ED071A179F354F001D8294 /* TankEnemyTank.m in Sources */,
				0598EF20179ED40C00EAD12D /* Vector2.m in Sources */,
				055549C8179F54F7006E4BC1 /* TankSceneManager.m in Sources */,
				0598EF22179ED40C00EAD12D /* BNZLine.m in Sources */,
				051BCBC3179C24440065B55D /* MVAppDelegate.m in Sources */,
			);
			runOnlyForDeploymentPostprocessing = 0;
		};
		059CD5AD179C22F500B5981C /* Sources */ = {
			isa = PBXSourcesBuildPhase;
			buildActionMask = 2147483647;
			files = (
				059CD60A179C233E00B5981C /* main.m in Sources */,
				38ED0718179F354F001D8294 /* TankEnemyTank.m in Sources */,
				0598EF04179EB97400EAD12D /* TankTank.m in Sources */,
				0598EF0C179EBC5C00EAD12D /* TankServer.m in Sources */,
				055549C7179F54F7006E4BC1 /* TankSceneManager.m in Sources */,
				0598EF21179ED40C00EAD12D /* BNZLine.m in Sources */,
				059CD60E179C233E00B5981C /* TankGameScene.m in Sources */,
				0598EEFC179EB94E00EAD12D /* TankPlayer.m in Sources */,
				0598EF1F179ED40C00EAD12D /* Vector2.m in Sources */,
				0598EF15179EC0BD00EAD12D /* TankMenuScene.m in Sources */,
				0598EF08179EB9D200EAD12D /* TankLevel.m in Sources */,
				0598EEF3179EB18600EAD12D /* TankGame.m in Sources */,
				059CD60C179C233E00B5981C /* MVViewController.m in Sources */,
				059CD60B179C233E00B5981C /* MVAppDelegate.m in Sources */,
				0598EF26179ED61900EAD12D /* TankMine.m in Sources */,
				0598EF19179ED39300EAD12D /* TankBullet.m in Sources */,
			);
			runOnlyForDeploymentPostprocessing = 0;
		};
		059CD5D8179C22F500B5981C /* Sources */ = {
			isa = PBXSourcesBuildPhase;
			buildActionMask = 2147483647;
			files = (
				059CD5EA179C22F500B5981C /* Tanks3Tests.m in Sources */,
			);
			runOnlyForDeploymentPostprocessing = 0;
		};
/* End PBXSourcesBuildPhase section */

/* Begin PBXTargetDependency section */
		059CD5E2179C22F500B5981C /* PBXTargetDependency */ = {
			isa = PBXTargetDependency;
			target = 059CD5B0179C22F500B5981C /* Tanks3 */;
			targetProxy = 059CD5E1179C22F500B5981C /* PBXContainerItemProxy */;
		};
/* End PBXTargetDependency section */

/* Begin PBXVariantGroup section */
		051BCBB4179C24440065B55D /* InfoPlist.strings */ = {
			isa = PBXVariantGroup;
			children = (
				051BCBB5179C24440065B55D /* en */,
			);
			name = InfoPlist.strings;
			sourceTree = "<group>";
		};
		051BCBBA179C24440065B55D /* Credits.rtf */ = {
			isa = PBXVariantGroup;
			children = (
				051BCBBB179C24440065B55D /* en */,
			);
			name = Credits.rtf;
			sourceTree = "<group>";
		};
		059CD5E6179C22F500B5981C /* InfoPlist.strings */ = {
			isa = PBXVariantGroup;
			children = (
				059CD5E7179C22F500B5981C /* en */,
			);
			name = InfoPlist.strings;
			sourceTree = "<group>";
		};
		059CD5F4179C233E00B5981C /* Main_iPad.storyboard */ = {
			isa = PBXVariantGroup;
			children = (
				059CD5F5179C233E00B5981C /* Base */,
			);
			name = Main_iPad.storyboard;
			sourceTree = "<group>";
		};
		059CD5F6179C233E00B5981C /* Main_iPhone.storyboard */ = {
			isa = PBXVariantGroup;
			children = (
				059CD5F7179C233E00B5981C /* Base */,
			);
			name = Main_iPhone.storyboard;
			sourceTree = "<group>";
		};
		059CD5F8179C233E00B5981C /* InfoPlist.strings */ = {
			isa = PBXVariantGroup;
			children = (
				059CD5F9179C233E00B5981C /* en */,
			);
			name = InfoPlist.strings;
			sourceTree = "<group>";
		};
/* End PBXVariantGroup section */

/* Begin XCBuildConfiguration section */
		051BCBDB179C24440065B55D /* Debug */ = {
			isa = XCBuildConfiguration;
			buildSettings = {
				ASSETCATALOG_COMPILER_APPICON_NAME = AppIcon;
				COMBINE_HIDPI_IMAGES = YES;
				FRAMEWORK_SEARCH_PATHS = (
					"$(inherited)",
					"$(SYSTEM_APPS_DIR)/Xcode5-DP3.app/Contents/Developer/Library/Frameworks",
				);
				GCC_ENABLE_OBJC_EXCEPTIONS = YES;
				GCC_PRECOMPILE_PREFIX_HEADER = YES;
				GCC_PREFIX_HEADER = "Shared/Tanks3-Prefix.pch";
				GCC_PREPROCESSOR_DEFINITIONS = (
					"DEBUG=1",
					"$(inherited)",
				);
				GCC_WARN_64_TO_32_BIT_CONVERSION = YES;
				INFOPLIST_FILE = "Mac/MacTanks3-Info.plist";
				MACOSX_DEPLOYMENT_TARGET = 10.8;
				PRODUCT_NAME = "$(TARGET_NAME)";
				SDKROOT = macosx;
				SPRITEKIT_TEXTURE_ATLAS_OUTPUT = YES;
				WRAPPER_EXTENSION = app;
			};
			name = Debug;
		};
		051BCBDC179C24440065B55D /* Release */ = {
			isa = XCBuildConfiguration;
			buildSettings = {
				ASSETCATALOG_COMPILER_APPICON_NAME = AppIcon;
				COMBINE_HIDPI_IMAGES = YES;
				DEBUG_INFORMATION_FORMAT = "dwarf-with-dsym";
				FRAMEWORK_SEARCH_PATHS = (
					"$(inherited)",
					"$(SYSTEM_APPS_DIR)/Xcode5-DP3.app/Contents/Developer/Library/Frameworks",
				);
				GCC_ENABLE_OBJC_EXCEPTIONS = YES;
				GCC_PRECOMPILE_PREFIX_HEADER = YES;
				GCC_PREFIX_HEADER = "Shared/Tanks3-Prefix.pch";
				GCC_WARN_64_TO_32_BIT_CONVERSION = YES;
				INFOPLIST_FILE = "Mac/MacTanks3-Info.plist";
				MACOSX_DEPLOYMENT_TARGET = 10.8;
				PRODUCT_NAME = "$(TARGET_NAME)";
				SDKROOT = macosx;
				SPRITEKIT_TEXTURE_ATLAS_OUTPUT = YES;
				WRAPPER_EXTENSION = app;
			};
			name = Release;
		};
		059CD5EB179C22F500B5981C /* Debug */ = {
			isa = XCBuildConfiguration;
			buildSettings = {
				ALWAYS_SEARCH_USER_PATHS = NO;
				CLANG_CXX_LANGUAGE_STANDARD = "gnu++0x";
				CLANG_CXX_LIBRARY = "libc++";
				CLANG_ENABLE_MODULES = YES;
				CLANG_ENABLE_OBJC_ARC = YES;
				CLANG_WARN_BOOL_CONVERSION = YES;
				CLANG_WARN_CONSTANT_CONVERSION = YES;
				CLANG_WARN_DIRECT_OBJC_ISA_USAGE = YES_ERROR;
				CLANG_WARN_EMPTY_BODY = YES;
				CLANG_WARN_ENUM_CONVERSION = YES;
				CLANG_WARN_INT_CONVERSION = YES;
				CLANG_WARN_OBJC_ROOT_CLASS = YES_ERROR;
				CLANG_WARN__DUPLICATE_METHOD_MATCH = YES;
				"CODE_SIGN_IDENTITY[sdk=iphoneos*]" = "iPhone Developer";
				COPY_PHASE_STRIP = NO;
				GCC_C_LANGUAGE_STANDARD = gnu99;
				GCC_DYNAMIC_NO_PIC = NO;
				GCC_OPTIMIZATION_LEVEL = 0;
				GCC_PREPROCESSOR_DEFINITIONS = (
					"DEBUG=1",
					"$(inherited)",
				);
				GCC_SYMBOLS_PRIVATE_EXTERN = NO;
				GCC_WARN_ABOUT_RETURN_TYPE = YES_ERROR;
				GCC_WARN_UNDECLARED_SELECTOR = YES;
				GCC_WARN_UNINITIALIZED_AUTOS = YES;
				GCC_WARN_UNUSED_FUNCTION = YES;
				GCC_WARN_UNUSED_VARIABLE = YES;
				HEADER_SEARCH_PATHS = (
					Vendor/WorldKit/Interface,
					Vendor/WorldKit/Libraries/SPSuccinct,
				);
				IPHONEOS_DEPLOYMENT_TARGET = 7.0;
				ONLY_ACTIVE_ARCH = YES;
				OTHER_LDFLAGS = "-ObjC";
				SDKROOT = iphoneos;
				TARGETED_DEVICE_FAMILY = "1,2";
			};
			name = Debug;
		};
		059CD5EC179C22F500B5981C /* Release */ = {
			isa = XCBuildConfiguration;
			buildSettings = {
				ALWAYS_SEARCH_USER_PATHS = NO;
				CLANG_CXX_LANGUAGE_STANDARD = "gnu++0x";
				CLANG_CXX_LIBRARY = "libc++";
				CLANG_ENABLE_MODULES = YES;
				CLANG_ENABLE_OBJC_ARC = YES;
				CLANG_WARN_BOOL_CONVERSION = YES;
				CLANG_WARN_CONSTANT_CONVERSION = YES;
				CLANG_WARN_DIRECT_OBJC_ISA_USAGE = YES_ERROR;
				CLANG_WARN_EMPTY_BODY = YES;
				CLANG_WARN_ENUM_CONVERSION = YES;
				CLANG_WARN_INT_CONVERSION = YES;
				CLANG_WARN_OBJC_ROOT_CLASS = YES_ERROR;
				CLANG_WARN__DUPLICATE_METHOD_MATCH = YES;
				"CODE_SIGN_IDENTITY[sdk=iphoneos*]" = "iPhone Developer";
				COPY_PHASE_STRIP = YES;
				ENABLE_NS_ASSERTIONS = NO;
				GCC_C_LANGUAGE_STANDARD = gnu99;
				GCC_WARN_ABOUT_RETURN_TYPE = YES_ERROR;
				GCC_WARN_UNDECLARED_SELECTOR = YES;
				GCC_WARN_UNINITIALIZED_AUTOS = YES;
				GCC_WARN_UNUSED_FUNCTION = YES;
				GCC_WARN_UNUSED_VARIABLE = YES;
				HEADER_SEARCH_PATHS = (
					Vendor/WorldKit/Interface,
					Vendor/WorldKit/Libraries/SPSuccinct,
				);
				IPHONEOS_DEPLOYMENT_TARGET = 7.0;
				OTHER_LDFLAGS = "-ObjC";
				SDKROOT = iphoneos;
				TARGETED_DEVICE_FAMILY = "1,2";
				VALIDATE_PRODUCT = YES;
			};
			name = Release;
		};
		059CD5EE179C22F500B5981C /* Debug */ = {
			isa = XCBuildConfiguration;
			buildSettings = {
				ASSETCATALOG_COMPILER_APPICON_NAME = AppIcon;
				ASSETCATALOG_COMPILER_LAUNCHIMAGE_NAME = LaunchImage;
				GCC_PRECOMPILE_PREFIX_HEADER = YES;
				GCC_PREFIX_HEADER = "Shared/Tanks3-Prefix.pch";
				INFOPLIST_FILE = "iOS/Tanks3-Info.plist";
				PRODUCT_NAME = "$(TARGET_NAME)";
				SPRITEKIT_TEXTURE_ATLAS_OUTPUT = YES;
				WRAPPER_EXTENSION = app;
			};
			name = Debug;
		};
		059CD5EF179C22F500B5981C /* Release */ = {
			isa = XCBuildConfiguration;
			buildSettings = {
				ASSETCATALOG_COMPILER_APPICON_NAME = AppIcon;
				ASSETCATALOG_COMPILER_LAUNCHIMAGE_NAME = LaunchImage;
				GCC_PRECOMPILE_PREFIX_HEADER = YES;
				GCC_PREFIX_HEADER = "Shared/Tanks3-Prefix.pch";
				INFOPLIST_FILE = "iOS/Tanks3-Info.plist";
				PRODUCT_NAME = "$(TARGET_NAME)";
				SPRITEKIT_TEXTURE_ATLAS_OUTPUT = YES;
				WRAPPER_EXTENSION = app;
			};
			name = Release;
		};
		059CD5F1179C22F500B5981C /* Debug */ = {
			isa = XCBuildConfiguration;
			buildSettings = {
				BUNDLE_LOADER = "$(BUILT_PRODUCTS_DIR)/Tanks3.app/Tanks3";
				FRAMEWORK_SEARCH_PATHS = (
					"$(SDKROOT)/Developer/Library/Frameworks",
					"$(inherited)",
					"$(SYSTEM_APPS_DIR)/Xcode5-DP3.app/Contents/Developer/Library/Frameworks",
				);
				GCC_PRECOMPILE_PREFIX_HEADER = YES;
				GCC_PREFIX_HEADER = "Tanks3/Tanks3-Prefix.pch";
				GCC_PREPROCESSOR_DEFINITIONS = (
					"DEBUG=1",
					"$(inherited)",
				);
				INFOPLIST_FILE = "Tanks3Tests/Tanks3Tests-Info.plist";
				PRODUCT_NAME = "$(TARGET_NAME)";
				TEST_HOST = "$(BUNDLE_LOADER)";
				WRAPPER_EXTENSION = xctest;
			};
			name = Debug;
		};
		059CD5F2179C22F500B5981C /* Release */ = {
			isa = XCBuildConfiguration;
			buildSettings = {
				BUNDLE_LOADER = "$(BUILT_PRODUCTS_DIR)/Tanks3.app/Tanks3";
				FRAMEWORK_SEARCH_PATHS = (
					"$(SDKROOT)/Developer/Library/Frameworks",
					"$(inherited)",
					"$(SYSTEM_APPS_DIR)/Xcode5-DP3.app/Contents/Developer/Library/Frameworks",
				);
				GCC_PRECOMPILE_PREFIX_HEADER = YES;
				GCC_PREFIX_HEADER = "Tanks3/Tanks3-Prefix.pch";
				INFOPLIST_FILE = "Tanks3Tests/Tanks3Tests-Info.plist";
				PRODUCT_NAME = "$(TARGET_NAME)";
				TEST_HOST = "$(BUNDLE_LOADER)";
				WRAPPER_EXTENSION = xctest;
			};
			name = Release;
		};
/* End XCBuildConfiguration section */

/* Begin XCConfigurationList section */
		051BCBDA179C24440065B55D /* Build configuration list for PBXNativeTarget "MacTanks3" */ = {
			isa = XCConfigurationList;
			buildConfigurations = (
				051BCBDB179C24440065B55D /* Debug */,
				051BCBDC179C24440065B55D /* Release */,
			);
			defaultConfigurationIsVisible = 0;
			defaultConfigurationName = Release;
		};
		059CD5AC179C22F500B5981C /* Build configuration list for PBXProject "Tanks3" */ = {
			isa = XCConfigurationList;
			buildConfigurations = (
				059CD5EB179C22F500B5981C /* Debug */,
				059CD5EC179C22F500B5981C /* Release */,
			);
			defaultConfigurationIsVisible = 0;
			defaultConfigurationName = Release;
		};
		059CD5ED179C22F500B5981C /* Build configuration list for PBXNativeTarget "Tanks3" */ = {
			isa = XCConfigurationList;
			buildConfigurations = (
				059CD5EE179C22F500B5981C /* Debug */,
				059CD5EF179C22F500B5981C /* Release */,
			);
			defaultConfigurationIsVisible = 0;
			defaultConfigurationName = Release;
		};
		059CD5F0179C22F500B5981C /* Build configuration list for PBXNativeTarget "Tanks3Tests" */ = {
			isa = XCConfigurationList;
			buildConfigurations = (
				059CD5F1179C22F500B5981C /* Debug */,
				059CD5F2179C22F500B5981C /* Release */,
			);
			defaultConfigurationIsVisible = 0;
			defaultConfigurationName = Release;
		};
/* End XCConfigurationList section */
	};
	rootObject = 059CD5A9179C22F500B5981C /* Project object */;
}
